
Microsoft Visual Studio Solution File, Format Version 12.00
# Visual Studio Version 17
VisualStudioVersion = 17.14.36705.20
MinimumVisualStudioVersion = 10.0.40219.1
Project("{FAE04EC0-301F-11D3-BF4B-00C04F79EFBC}") = "Day_2", "Day_2\Day_2.csproj", "{93B62532-0104-1EB1-9A2E-25090402AF5A}"
EndProject
Project("{FAE04EC0-301F-11D3-BF4B-00C04F79EFBC}") = "Day_1", "Day_1\Day_1.csproj", "{C7E69D7D-BBEB-A671-8F18-154CB32A8557}"
EndProject
Project("{FAE04EC0-301F-11D3-BF4B-00C04F79EFBC}") = "Day_3", "Day_3\Day_3.csproj", "{A2AB493F-C3EE-495C-A709-10A334114E56}"
EndProject
Project("{FAE04EC0-301F-11D3-BF4B-00C04F79EFBC}") = "Day_4", "Day_4\Day_4.csproj", "{00ED4BD2-338B-49F9-A4A0-AC427F08BA37}"
EndProject
Project("{FAE04EC0-301F-11D3-BF4B-00C04F79EFBC}") = "Day_5", "Day_5\Day_5.csproj", "{739373B4-2191-416D-9D51-A30314AE061C}"
EndProject
Project("{FAE04EC0-301F-11D3-BF4B-00C04F79EFBC}") = "Day_6", "Day_6\Day_6.csproj", "{CCF04FF5-51F6-49C5-BA7E-AB344FDC153B}"
EndProject
Project("{2150E333-8FDC-42A3-9474-1A3956D46DE8}") = "Day_7", "Day_7", "{2C49683F-FC14-438B-9AD4-B3FE9F84A217}"
EndProject
Project("{2150E333-8FDC-42A3-9474-1A3956D46DE8}") = "Day_7.GUI", "Day_7.GUI", "{EA86F82D-860F-4B70-BA5D-14A08CB68103}"
EndProject
Project("{2150E333-8FDC-42A3-9474-1A3956D46DE8}") = "Day_7.BLL", "Day_7.BLL", "{82788675-8F2B-45A7-96B3-1C7C3D7060B5}"
EndProject
Project("{2150E333-8FDC-42A3-9474-1A3956D46DE8}") = "Day_7.DAL", "Day_7.DAL", "{A7937BF8-43D9-4281-9CE2-7C6AF3F8EFB8}"
EndProject
Project("{FAE04EC0-301F-11D3-BF4B-00C04F79EFBC}") = "Day_7.BLL", "Day_7.BLL\Day_7.BLL.csproj", "{BE86769F-1D46-45E8-BB4E-BC8F324DB9BF}"
EndProject
Project("{FAE04EC0-301F-11D3-BF4B-00C04F79EFBC}") = "DAy_7.DAL", "DAy_7.DAL\DAy_7.DAL.csproj", "{BD50F3EE-1958-45BD-AEDC-D0D778B67A15}"
EndProject
Project("{FAE04EC0-301F-11D3-BF4B-00C04F79EFBC}") = "Day_7.GUI", "Day_7.GUI\Day_7.GUI.csproj", "{2F427CE2-FCC2-4E79-946C-62EB24057C09}"
EndProject
Global
	GlobalSection(SolutionConfigurationPlatforms) = preSolution
		Debug|Any CPU = Debug|Any CPU
		Release|Any CPU = Release|Any CPU
	EndGlobalSection
	GlobalSection(ProjectConfigurationPlatforms) = postSolution
		{93B62532-0104-1EB1-9A2E-25090402AF5A}.Debug|Any CPU.ActiveCfg = Debug|Any CPU
		{93B62532-0104-1EB1-9A2E-25090402AF5A}.Debug|Any CPU.Build.0 = Debug|Any CPU
		{93B62532-0104-1EB1-9A2E-25090402AF5A}.Release|Any CPU.ActiveCfg = Release|Any CPU
		{93B62532-0104-1EB1-9A2E-25090402AF5A}.Release|Any CPU.Build.0 = Release|Any CPU
		{C7E69D7D-BBEB-A671-8F18-154CB32A8557}.Debug|Any CPU.ActiveCfg = Debug|Any CPU
		{C7E69D7D-BBEB-A671-8F18-154CB32A8557}.Debug|Any CPU.Build.0 = Debug|Any CPU
		{C7E69D7D-BBEB-A671-8F18-154CB32A8557}.Release|Any CPU.ActiveCfg = Release|Any CPU
		{C7E69D7D-BBEB-A671-8F18-154CB32A8557}.Release|Any CPU.Build.0 = Release|Any CPU
		{A2AB493F-C3EE-495C-A709-10A334114E56}.Debug|Any CPU.ActiveCfg = Debug|Any CPU
		{A2AB493F-C3EE-495C-A709-10A334114E56}.Debug|Any CPU.Build.0 = Debug|Any CPU
		{A2AB493F-C3EE-495C-A709-10A334114E56}.Release|Any CPU.ActiveCfg = Release|Any CPU
		{A2AB493F-C3EE-495C-A709-10A334114E56}.Release|Any CPU.Build.0 = Release|Any CPU
		{00ED4BD2-338B-49F9-A4A0-AC427F08BA37}.Debug|Any CPU.ActiveCfg = Debug|Any CPU
		{00ED4BD2-338B-49F9-A4A0-AC427F08BA37}.Debug|Any CPU.Build.0 = Debug|Any CPU
		{00ED4BD2-338B-49F9-A4A0-AC427F08BA37}.Release|Any CPU.ActiveCfg = Release|Any CPU
		{00ED4BD2-338B-49F9-A4A0-AC427F08BA37}.Release|Any CPU.Build.0 = Release|Any CPU
		{739373B4-2191-416D-9D51-A30314AE061C}.Debug|Any CPU.ActiveCfg = Debug|Any CPU
		{739373B4-2191-416D-9D51-A30314AE061C}.Debug|Any CPU.Build.0 = Debug|Any CPU
		{739373B4-2191-416D-9D51-A30314AE061C}.Release|Any CPU.ActiveCfg = Release|Any CPU
		{739373B4-2191-416D-9D51-A30314AE061C}.Release|Any CPU.Build.0 = Release|Any CPU
		{CCF04FF5-51F6-49C5-BA7E-AB344FDC153B}.Debug|Any CPU.ActiveCfg = Debug|Any CPU
		{CCF04FF5-51F6-49C5-BA7E-AB344FDC153B}.Debug|Any CPU.Build.0 = Debug|Any CPU
		{CCF04FF5-51F6-49C5-BA7E-AB344FDC153B}.Release|Any CPU.ActiveCfg = Release|Any CPU
		{CCF04FF5-51F6-49C5-BA7E-AB344FDC153B}.Release|Any CPU.Build.0 = Release|Any CPU
		{BE86769F-1D46-45E8-BB4E-BC8F324DB9BF}.Debug|Any CPU.ActiveCfg = Debug|Any CPU
		{BE86769F-1D46-45E8-BB4E-BC8F324DB9BF}.Debug|Any CPU.Build.0 = Debug|Any CPU
		{BE86769F-1D46-45E8-BB4E-BC8F324DB9BF}.Release|Any CPU.ActiveCfg = Release|Any CPU
		{BE86769F-1D46-45E8-BB4E-BC8F324DB9BF}.Release|Any CPU.Build.0 = Release|Any CPU
		{BD50F3EE-1958-45BD-AEDC-D0D778B67A15}.Debug|Any CPU.ActiveCfg = Debug|Any CPU
		{BD50F3EE-1958-45BD-AEDC-D0D778B67A15}.Debug|Any CPU.Build.0 = Debug|Any CPU
		{BD50F3EE-1958-45BD-AEDC-D0D778B67A15}.Release|Any CPU.ActiveCfg = Release|Any CPU
		{BD50F3EE-1958-45BD-AEDC-D0D778B67A15}.Release|Any CPU.Build.0 = Release|Any CPU
		{2F427CE2-FCC2-4E79-946C-62EB24057C09}.Debug|Any CPU.ActiveCfg = Debug|Any CPU
		{2F427CE2-FCC2-4E79-946C-62EB24057C09}.Debug|Any CPU.Build.0 = Debug|Any CPU
		{2F427CE2-FCC2-4E79-946C-62EB24057C09}.Release|Any CPU.ActiveCfg = Release|Any CPU
		{2F427CE2-FCC2-4E79-946C-62EB24057C09}.Release|Any CPU.Build.0 = Release|Any CPU
	EndGlobalSection
	GlobalSection(SolutionProperties) = preSolution
		HideSolutionNode = FALSE
	EndGlobalSection
	GlobalSection(NestedProjects) = preSolution
		{EA86F82D-860F-4B70-BA5D-14A08CB68103} = {2C49683F-FC14-438B-9AD4-B3FE9F84A217}
		{82788675-8F2B-45A7-96B3-1C7C3D7060B5} = {2C49683F-FC14-438B-9AD4-B3FE9F84A217}
		{A7937BF8-43D9-4281-9CE2-7C6AF3F8EFB8} = {2C49683F-FC14-438B-9AD4-B3FE9F84A217}
		{BE86769F-1D46-45E8-BB4E-BC8F324DB9BF} = {82788675-8F2B-45A7-96B3-1C7C3D7060B5}
		{BD50F3EE-1958-45BD-AEDC-D0D778B67A15} = {A7937BF8-43D9-4281-9CE2-7C6AF3F8EFB8}
		{2F427CE2-FCC2-4E79-946C-62EB24057C09} = {EA86F82D-860F-4B70-BA5D-14A08CB68103}
	EndGlobalSection
	GlobalSection(ExtensibilityGlobals) = postSolution
		SolutionGuid = {B40D78FB-106D-4BCE-B4EB-1E165C883190}
	EndGlobalSection
EndGlobal
